
Microsoft Visual Studio Solution File, Format Version 12.00
# Visual Studio 15
VisualStudioVersion = 15.0.26430.6
MinimumVisualStudioVersion = 10.0.40219.1
Project("{FAE04EC0-301F-11D3-BF4B-00C04F79EFBC}") = "Figaro.Configuration", "Figaro.Configuration.csproj", "{BD1E3EDE-2321-46CD-9EFB-EE47973EDFA2}"
EndProject
Global
	GlobalSection(SolutionConfigurationPlatforms) = preSolution
		DebugCDS|Any CPU = DebugCDS|Any CPU
		DebugCDS|Mixed Platforms = DebugCDS|Mixed Platforms
		DebugCDS|Win32 = DebugCDS|Win32
		DebugCDS|x64 = DebugCDS|x64
		DebugCDS|x86 = DebugCDS|x86
		DebugDS|Any CPU = DebugDS|Any CPU
		DebugDS|Mixed Platforms = DebugDS|Mixed Platforms
		DebugDS|Win32 = DebugDS|Win32
		DebugDS|x64 = DebugDS|x64
		DebugDS|x86 = DebugDS|x86
		DebugHA|Any CPU = DebugHA|Any CPU
		DebugHA|Mixed Platforms = DebugHA|Mixed Platforms
		DebugHA|Win32 = DebugHA|Win32
		DebugHA|x64 = DebugHA|x64
		DebugHA|x86 = DebugHA|x86
		DebugTDS|Any CPU = DebugTDS|Any CPU
		DebugTDS|Mixed Platforms = DebugTDS|Mixed Platforms
		DebugTDS|Win32 = DebugTDS|Win32
		DebugTDS|x64 = DebugTDS|x64
		DebugTDS|x86 = DebugTDS|x86
		ReleaseCDS|Any CPU = ReleaseCDS|Any CPU
		ReleaseCDS|Mixed Platforms = ReleaseCDS|Mixed Platforms
		ReleaseCDS|Win32 = ReleaseCDS|Win32
		ReleaseCDS|x64 = ReleaseCDS|x64
		ReleaseCDS|x86 = ReleaseCDS|x86
		ReleaseDS|Any CPU = ReleaseDS|Any CPU
		ReleaseDS|Mixed Platforms = ReleaseDS|Mixed Platforms
		ReleaseDS|Win32 = ReleaseDS|Win32
		ReleaseDS|x64 = ReleaseDS|x64
		ReleaseDS|x86 = ReleaseDS|x86
		ReleaseHA|Any CPU = ReleaseHA|Any CPU
		ReleaseHA|Mixed Platforms = ReleaseHA|Mixed Platforms
		ReleaseHA|Win32 = ReleaseHA|Win32
		ReleaseHA|x64 = ReleaseHA|x64
		ReleaseHA|x86 = ReleaseHA|x86
		ReleaseTDS|Any CPU = ReleaseTDS|Any CPU
		ReleaseTDS|Mixed Platforms = ReleaseTDS|Mixed Platforms
		ReleaseTDS|Win32 = ReleaseTDS|Win32
		ReleaseTDS|x64 = ReleaseTDS|x64
		ReleaseTDS|x86 = ReleaseTDS|x86
	EndGlobalSection
	GlobalSection(ProjectConfigurationPlatforms) = postSolution
		{BD1E3EDE-2321-46CD-9EFB-EE47973EDFA2}.DebugCDS|Any CPU.ActiveCfg = DebugCDS|x86
		{BD1E3EDE-2321-46CD-9EFB-EE47973EDFA2}.DebugCDS|Any CPU.Build.0 = DebugCDS|x86
		{BD1E3EDE-2321-46CD-9EFB-EE47973EDFA2}.DebugCDS|Mixed Platforms.ActiveCfg = DebugCDS|x86
		{BD1E3EDE-2321-46CD-9EFB-EE47973EDFA2}.DebugCDS|Mixed Platforms.Build.0 = DebugCDS|x86
		{BD1E3EDE-2321-46CD-9EFB-EE47973EDFA2}.DebugCDS|Win32.ActiveCfg = DebugCDS|x86
		{BD1E3EDE-2321-46CD-9EFB-EE47973EDFA2}.DebugCDS|Win32.Build.0 = DebugCDS|x86
		{BD1E3EDE-2321-46CD-9EFB-EE47973EDFA2}.DebugCDS|x64.ActiveCfg = DebugCDS|x64
		{BD1E3EDE-2321-46CD-9EFB-EE47973EDFA2}.DebugCDS|x64.Build.0 = DebugCDS|x64
		{BD1E3EDE-2321-46CD-9EFB-EE47973EDFA2}.DebugCDS|x86.ActiveCfg = DebugCDS|x86
		{BD1E3EDE-2321-46CD-9EFB-EE47973EDFA2}.DebugCDS|x86.Build.0 = DebugCDS|x86
		{BD1E3EDE-2321-46CD-9EFB-EE47973EDFA2}.DebugDS|Any CPU.ActiveCfg = DebugDS|x86
		{BD1E3EDE-2321-46CD-9EFB-EE47973EDFA2}.DebugDS|Mixed Platforms.ActiveCfg = DebugDS|x64
		{BD1E3EDE-2321-46CD-9EFB-EE47973EDFA2}.DebugDS|Mixed Platforms.Build.0 = DebugDS|x64
		{BD1E3EDE-2321-46CD-9EFB-EE47973EDFA2}.DebugDS|Win32.ActiveCfg = DebugDS|x86
		{BD1E3EDE-2321-46CD-9EFB-EE47973EDFA2}.DebugDS|Win32.Build.0 = DebugDS|x86
		{BD1E3EDE-2321-46CD-9EFB-EE47973EDFA2}.DebugDS|x64.ActiveCfg = DebugDS|x64
		{BD1E3EDE-2321-46CD-9EFB-EE47973EDFA2}.DebugDS|x64.Build.0 = DebugDS|x64
		{BD1E3EDE-2321-46CD-9EFB-EE47973EDFA2}.DebugDS|x86.ActiveCfg = DebugDS|x86
		{BD1E3EDE-2321-46CD-9EFB-EE47973EDFA2}.DebugDS|x86.Build.0 = DebugDS|x86
		{BD1E3EDE-2321-46CD-9EFB-EE47973EDFA2}.DebugHA|Any CPU.ActiveCfg = ReleaseTDS|x64
		{BD1E3EDE-2321-46CD-9EFB-EE47973EDFA2}.DebugHA|Any CPU.Build.0 = ReleaseTDS|x64
		{BD1E3EDE-2321-46CD-9EFB-EE47973EDFA2}.DebugHA|Mixed Platforms.ActiveCfg = DebugDS|x86
		{BD1E3EDE-2321-46CD-9EFB-EE47973EDFA2}.DebugHA|Mixed Platforms.Build.0 = DebugDS|x86
		{BD1E3EDE-2321-46CD-9EFB-EE47973EDFA2}.DebugHA|Win32.ActiveCfg = DebugHA|x86
		{BD1E3EDE-2321-46CD-9EFB-EE47973EDFA2}.DebugHA|Win32.Build.0 = DebugHA|x86
		{BD1E3EDE-2321-46CD-9EFB-EE47973EDFA2}.DebugHA|x64.ActiveCfg = DebugHA|x64
		{BD1E3EDE-2321-46CD-9EFB-EE47973EDFA2}.DebugHA|x64.Build.0 = DebugHA|x64
		{BD1E3EDE-2321-46CD-9EFB-EE47973EDFA2}.DebugHA|x86.ActiveCfg = DebugDS|x86
		{BD1E3EDE-2321-46CD-9EFB-EE47973EDFA2}.DebugHA|x86.Build.0 = DebugDS|x86
		{BD1E3EDE-2321-46CD-9EFB-EE47973EDFA2}.DebugTDS|Any CPU.ActiveCfg = DebugTDS|x86
		{BD1E3EDE-2321-46CD-9EFB-EE47973EDFA2}.DebugTDS|Mixed Platforms.ActiveCfg = DebugTDS|x86
		{BD1E3EDE-2321-46CD-9EFB-EE47973EDFA2}.DebugTDS|Mixed Platforms.Build.0 = DebugTDS|x86
		{BD1E3EDE-2321-46CD-9EFB-EE47973EDFA2}.DebugTDS|Win32.ActiveCfg = DebugTDS|x86
		{BD1E3EDE-2321-46CD-9EFB-EE47973EDFA2}.DebugTDS|Win32.Build.0 = DebugTDS|x86
		{BD1E3EDE-2321-46CD-9EFB-EE47973EDFA2}.DebugTDS|x64.ActiveCfg = DebugTDS|x64
		{BD1E3EDE-2321-46CD-9EFB-EE47973EDFA2}.DebugTDS|x64.Build.0 = DebugTDS|x64
		{BD1E3EDE-2321-46CD-9EFB-EE47973EDFA2}.DebugTDS|x86.ActiveCfg = DebugTDS|x86
		{BD1E3EDE-2321-46CD-9EFB-EE47973EDFA2}.DebugTDS|x86.Build.0 = DebugTDS|x86
		{BD1E3EDE-2321-46CD-9EFB-EE47973EDFA2}.ReleaseCDS|Any CPU.ActiveCfg = ReleaseCDS|x86
		{BD1E3EDE-2321-46CD-9EFB-EE47973EDFA2}.ReleaseCDS|Mixed Platforms.ActiveCfg = ReleaseCDS|x86
		{BD1E3EDE-2321-46CD-9EFB-EE47973EDFA2}.ReleaseCDS|Mixed Platforms.Build.0 = ReleaseCDS|x86
		{BD1E3EDE-2321-46CD-9EFB-EE47973EDFA2}.ReleaseCDS|Win32.ActiveCfg = ReleaseCDS|x86
		{BD1E3EDE-2321-46CD-9EFB-EE47973EDFA2}.ReleaseCDS|Win32.Build.0 = ReleaseCDS|x86
		{BD1E3EDE-2321-46CD-9EFB-EE47973EDFA2}.ReleaseCDS|x64.ActiveCfg = ReleaseCDS|x64
		{BD1E3EDE-2321-46CD-9EFB-EE47973EDFA2}.ReleaseCDS|x64.Build.0 = ReleaseCDS|x64
		{BD1E3EDE-2321-46CD-9EFB-EE47973EDFA2}.ReleaseCDS|x86.ActiveCfg = ReleaseCDS|x86
		{BD1E3EDE-2321-46CD-9EFB-EE47973EDFA2}.ReleaseCDS|x86.Build.0 = ReleaseCDS|x86
		{BD1E3EDE-2321-46CD-9EFB-EE47973EDFA2}.ReleaseDS|Any CPU.ActiveCfg = ReleaseDS|x86
		{BD1E3EDE-2321-46CD-9EFB-EE47973EDFA2}.ReleaseDS|Mixed Platforms.ActiveCfg = ReleaseDS|x86
		{BD1E3EDE-2321-46CD-9EFB-EE47973EDFA2}.ReleaseDS|Mixed Platforms.Build.0 = ReleaseDS|x86
		{BD1E3EDE-2321-46CD-9EFB-EE47973EDFA2}.ReleaseDS|Win32.ActiveCfg = ReleaseDS|x86
		{BD1E3EDE-2321-46CD-9EFB-EE47973EDFA2}.ReleaseDS|Win32.Build.0 = ReleaseDS|x86
		{BD1E3EDE-2321-46CD-9EFB-EE47973EDFA2}.ReleaseDS|x64.ActiveCfg = ReleaseDS|x64
		{BD1E3EDE-2321-46CD-9EFB-EE47973EDFA2}.ReleaseDS|x64.Build.0 = ReleaseDS|x64
		{BD1E3EDE-2321-46CD-9EFB-EE47973EDFA2}.ReleaseDS|x86.ActiveCfg = ReleaseDS|x86
		{BD1E3EDE-2321-46CD-9EFB-EE47973EDFA2}.ReleaseDS|x86.Build.0 = ReleaseDS|x86
		{BD1E3EDE-2321-46CD-9EFB-EE47973EDFA2}.ReleaseHA|Any CPU.ActiveCfg = ReleaseTDS|x86
		{BD1E3EDE-2321-46CD-9EFB-EE47973EDFA2}.ReleaseHA|Any CPU.Build.0 = ReleaseTDS|x86
		{BD1E3EDE-2321-46CD-9EFB-EE47973EDFA2}.ReleaseHA|Mixed Platforms.ActiveCfg = ReleaseDS|x86
		{BD1E3EDE-2321-46CD-9EFB-EE47973EDFA2}.ReleaseHA|Mixed Platforms.Build.0 = ReleaseDS|x86
		{BD1E3EDE-2321-46CD-9EFB-EE47973EDFA2}.ReleaseHA|Win32.ActiveCfg = ReleaseHA|x86
		{BD1E3EDE-2321-46CD-9EFB-EE47973EDFA2}.ReleaseHA|Win32.Build.0 = ReleaseHA|x86
		{BD1E3EDE-2321-46CD-9EFB-EE47973EDFA2}.ReleaseHA|x64.ActiveCfg = ReleaseHA|x64
		{BD1E3EDE-2321-46CD-9EFB-EE47973EDFA2}.ReleaseHA|x64.Build.0 = ReleaseHA|x64
		{BD1E3EDE-2321-46CD-9EFB-EE47973EDFA2}.ReleaseHA|x86.ActiveCfg = ReleaseDS|x86
		{BD1E3EDE-2321-46CD-9EFB-EE47973EDFA2}.ReleaseHA|x86.Build.0 = ReleaseDS|x86
		{BD1E3EDE-2321-46CD-9EFB-EE47973EDFA2}.ReleaseTDS|Any CPU.ActiveCfg = ReleaseTDS|x86
		{BD1E3EDE-2321-46CD-9EFB-EE47973EDFA2}.ReleaseTDS|Mixed Platforms.ActiveCfg = ReleaseTDS|x86
		{BD1E3EDE-2321-46CD-9EFB-EE47973EDFA2}.ReleaseTDS|Mixed Platforms.Build.0 = ReleaseTDS|x86
		{BD1E3EDE-2321-46CD-9EFB-EE47973EDFA2}.ReleaseTDS|Win32.ActiveCfg = ReleaseTDS|x86
		{BD1E3EDE-2321-46CD-9EFB-EE47973EDFA2}.ReleaseTDS|Win32.Build.0 = ReleaseTDS|x86
		{BD1E3EDE-2321-46CD-9EFB-EE47973EDFA2}.ReleaseTDS|x64.ActiveCfg = ReleaseTDS|x64
		{BD1E3EDE-2321-46CD-9EFB-EE47973EDFA2}.ReleaseTDS|x64.Build.0 = ReleaseTDS|x64
		{BD1E3EDE-2321-46CD-9EFB-EE47973EDFA2}.ReleaseTDS|x86.ActiveCfg = ReleaseTDS|x86
		{BD1E3EDE-2321-46CD-9EFB-EE47973EDFA2}.ReleaseTDS|x86.Build.0 = ReleaseTDS|x86
	EndGlobalSection
	GlobalSection(SolutionProperties) = preSolution
		HideSolutionNode = FALSE
	EndGlobalSection
EndGlobal
