
Microsoft Visual Studio Solution File, Format Version 12.00
# Visual Studio 15
VisualStudioVersion = 15.0.26430.6
MinimumVisualStudioVersion = 10.0.40219.1
Project("{FAE04EC0-301F-11D3-BF4B-00C04F79EFBC}") = "Figaro", "Figaro\Figaro.csproj", "{912C1549-32FC-4E6E-8C0E-F7F7814A11B5}"
EndProject
Project("{FAE04EC0-301F-11D3-BF4B-00C04F79EFBC}") = "Figaro.Configuration", "Figaro.Configuration\Figaro.Configuration.csproj", "{BD1E3EDE-2321-46CD-9EFB-EE47973EDFA2}"
EndProject
Global
	GlobalSection(SolutionConfigurationPlatforms) = preSolution
		DebugCDS|x64 = DebugCDS|x64
		DebugCDS|x86 = DebugCDS|x86
		DebugDS|x64 = DebugDS|x64
		DebugDS|x86 = DebugDS|x86
		DebugHA|x64 = DebugHA|x64
		DebugHA|x86 = DebugHA|x86
		DebugTDS|x64 = DebugTDS|x64
		DebugTDS|x86 = DebugTDS|x86
		Release|x64 = Release|x64
		Release|x86 = Release|x86
		ReleaseCDS|x64 = ReleaseCDS|x64
		ReleaseCDS|x86 = ReleaseCDS|x86
		ReleaseDS|x64 = ReleaseDS|x64
		ReleaseDS|x86 = ReleaseDS|x86
		ReleaseHA|x64 = ReleaseHA|x64
		ReleaseHA|x86 = ReleaseHA|x86
		ReleaseTDS|x64 = ReleaseTDS|x64
		ReleaseTDS|x86 = ReleaseTDS|x86
	EndGlobalSection
	GlobalSection(ProjectConfigurationPlatforms) = postSolution
		{912C1549-32FC-4E6E-8C0E-F7F7814A11B5}.DebugCDS|x64.ActiveCfg = ReleaseHA|x64
		{912C1549-32FC-4E6E-8C0E-F7F7814A11B5}.DebugCDS|x64.Build.0 = ReleaseHA|x64
		{912C1549-32FC-4E6E-8C0E-F7F7814A11B5}.DebugCDS|x86.ActiveCfg = DebugCDS|x86
		{912C1549-32FC-4E6E-8C0E-F7F7814A11B5}.DebugCDS|x86.Build.0 = DebugCDS|x86
		{912C1549-32FC-4E6E-8C0E-F7F7814A11B5}.DebugDS|x64.ActiveCfg = DebugDS|x64
		{912C1549-32FC-4E6E-8C0E-F7F7814A11B5}.DebugDS|x64.Build.0 = DebugDS|x64
		{912C1549-32FC-4E6E-8C0E-F7F7814A11B5}.DebugDS|x86.ActiveCfg = DebugDS|x86
		{912C1549-32FC-4E6E-8C0E-F7F7814A11B5}.DebugDS|x86.Build.0 = DebugDS|x86
		{912C1549-32FC-4E6E-8C0E-F7F7814A11B5}.DebugHA|x64.ActiveCfg = DebugHA|x64
		{912C1549-32FC-4E6E-8C0E-F7F7814A11B5}.DebugHA|x64.Build.0 = DebugHA|x64
		{912C1549-32FC-4E6E-8C0E-F7F7814A11B5}.DebugHA|x86.ActiveCfg = DebugHA|x86
		{912C1549-32FC-4E6E-8C0E-F7F7814A11B5}.DebugHA|x86.Build.0 = DebugHA|x86
		{912C1549-32FC-4E6E-8C0E-F7F7814A11B5}.DebugTDS|x64.ActiveCfg = DebugTDS|x64
		{912C1549-32FC-4E6E-8C0E-F7F7814A11B5}.DebugTDS|x64.Build.0 = DebugTDS|x64
		{912C1549-32FC-4E6E-8C0E-F7F7814A11B5}.DebugTDS|x86.ActiveCfg = DebugTDS|x86
		{912C1549-32FC-4E6E-8C0E-F7F7814A11B5}.DebugTDS|x86.Build.0 = DebugTDS|x86
		{912C1549-32FC-4E6E-8C0E-F7F7814A11B5}.Release|x64.ActiveCfg = Release|x64
		{912C1549-32FC-4E6E-8C0E-F7F7814A11B5}.Release|x64.Build.0 = Release|x64
		{912C1549-32FC-4E6E-8C0E-F7F7814A11B5}.Release|x86.ActiveCfg = Release|x86
		{912C1549-32FC-4E6E-8C0E-F7F7814A11B5}.Release|x86.Build.0 = Release|x86
		{912C1549-32FC-4E6E-8C0E-F7F7814A11B5}.ReleaseCDS|x64.ActiveCfg = ReleaseCDS|x64
		{912C1549-32FC-4E6E-8C0E-F7F7814A11B5}.ReleaseCDS|x64.Build.0 = ReleaseCDS|x64
		{912C1549-32FC-4E6E-8C0E-F7F7814A11B5}.ReleaseCDS|x86.ActiveCfg = ReleaseCDS|x86
		{912C1549-32FC-4E6E-8C0E-F7F7814A11B5}.ReleaseCDS|x86.Build.0 = ReleaseCDS|x86
		{912C1549-32FC-4E6E-8C0E-F7F7814A11B5}.ReleaseDS|x64.ActiveCfg = ReleaseDS|x64
		{912C1549-32FC-4E6E-8C0E-F7F7814A11B5}.ReleaseDS|x64.Build.0 = ReleaseDS|x64
		{912C1549-32FC-4E6E-8C0E-F7F7814A11B5}.ReleaseDS|x86.ActiveCfg = ReleaseDS|x86
		{912C1549-32FC-4E6E-8C0E-F7F7814A11B5}.ReleaseDS|x86.Build.0 = ReleaseDS|x86
		{912C1549-32FC-4E6E-8C0E-F7F7814A11B5}.ReleaseHA|x64.ActiveCfg = ReleaseHA|x64
		{912C1549-32FC-4E6E-8C0E-F7F7814A11B5}.ReleaseHA|x64.Build.0 = ReleaseHA|x64
		{912C1549-32FC-4E6E-8C0E-F7F7814A11B5}.ReleaseHA|x86.ActiveCfg = ReleaseHA|x86
		{912C1549-32FC-4E6E-8C0E-F7F7814A11B5}.ReleaseHA|x86.Build.0 = ReleaseHA|x86
		{912C1549-32FC-4E6E-8C0E-F7F7814A11B5}.ReleaseTDS|x64.ActiveCfg = ReleaseTDS|x64
		{912C1549-32FC-4E6E-8C0E-F7F7814A11B5}.ReleaseTDS|x64.Build.0 = ReleaseTDS|x64
		{912C1549-32FC-4E6E-8C0E-F7F7814A11B5}.ReleaseTDS|x86.ActiveCfg = ReleaseTDS|x86
		{912C1549-32FC-4E6E-8C0E-F7F7814A11B5}.ReleaseTDS|x86.Build.0 = ReleaseTDS|x86
		{BD1E3EDE-2321-46CD-9EFB-EE47973EDFA2}.DebugCDS|x64.ActiveCfg = ReleaseHA|x64
		{BD1E3EDE-2321-46CD-9EFB-EE47973EDFA2}.DebugCDS|x64.Build.0 = ReleaseHA|x64
		{BD1E3EDE-2321-46CD-9EFB-EE47973EDFA2}.DebugCDS|x86.ActiveCfg = DebugCDS|x86
		{BD1E3EDE-2321-46CD-9EFB-EE47973EDFA2}.DebugCDS|x86.Build.0 = DebugCDS|x86
		{BD1E3EDE-2321-46CD-9EFB-EE47973EDFA2}.DebugDS|x64.ActiveCfg = DebugDS|x64
		{BD1E3EDE-2321-46CD-9EFB-EE47973EDFA2}.DebugDS|x64.Build.0 = DebugDS|x64
		{BD1E3EDE-2321-46CD-9EFB-EE47973EDFA2}.DebugDS|x86.ActiveCfg = DebugDS|x86
		{BD1E3EDE-2321-46CD-9EFB-EE47973EDFA2}.DebugDS|x86.Build.0 = DebugDS|x86
		{BD1E3EDE-2321-46CD-9EFB-EE47973EDFA2}.DebugHA|x64.ActiveCfg = DebugHA|x64
		{BD1E3EDE-2321-46CD-9EFB-EE47973EDFA2}.DebugHA|x64.Build.0 = DebugHA|x64
		{BD1E3EDE-2321-46CD-9EFB-EE47973EDFA2}.DebugHA|x86.ActiveCfg = DebugHA|x86
		{BD1E3EDE-2321-46CD-9EFB-EE47973EDFA2}.DebugHA|x86.Build.0 = DebugHA|x86
		{BD1E3EDE-2321-46CD-9EFB-EE47973EDFA2}.DebugTDS|x64.ActiveCfg = DebugTDS|x64
		{BD1E3EDE-2321-46CD-9EFB-EE47973EDFA2}.DebugTDS|x64.Build.0 = DebugTDS|x64
		{BD1E3EDE-2321-46CD-9EFB-EE47973EDFA2}.DebugTDS|x86.ActiveCfg = DebugTDS|x86
		{BD1E3EDE-2321-46CD-9EFB-EE47973EDFA2}.DebugTDS|x86.Build.0 = DebugTDS|x86
		{BD1E3EDE-2321-46CD-9EFB-EE47973EDFA2}.Release|x64.ActiveCfg = ReleaseHA|x64
		{BD1E3EDE-2321-46CD-9EFB-EE47973EDFA2}.Release|x64.Build.0 = ReleaseHA|x64
		{BD1E3EDE-2321-46CD-9EFB-EE47973EDFA2}.Release|x86.ActiveCfg = ReleaseHA|x86
		{BD1E3EDE-2321-46CD-9EFB-EE47973EDFA2}.Release|x86.Build.0 = ReleaseHA|x86
		{BD1E3EDE-2321-46CD-9EFB-EE47973EDFA2}.ReleaseCDS|x64.ActiveCfg = ReleaseCDS|x64
		{BD1E3EDE-2321-46CD-9EFB-EE47973EDFA2}.ReleaseCDS|x64.Build.0 = ReleaseCDS|x64
		{BD1E3EDE-2321-46CD-9EFB-EE47973EDFA2}.ReleaseCDS|x86.ActiveCfg = ReleaseCDS|x86
		{BD1E3EDE-2321-46CD-9EFB-EE47973EDFA2}.ReleaseCDS|x86.Build.0 = ReleaseCDS|x86
		{BD1E3EDE-2321-46CD-9EFB-EE47973EDFA2}.ReleaseDS|x64.ActiveCfg = ReleaseDS|x64
		{BD1E3EDE-2321-46CD-9EFB-EE47973EDFA2}.ReleaseDS|x64.Build.0 = ReleaseDS|x64
		{BD1E3EDE-2321-46CD-9EFB-EE47973EDFA2}.ReleaseDS|x86.ActiveCfg = ReleaseDS|x86
		{BD1E3EDE-2321-46CD-9EFB-EE47973EDFA2}.ReleaseDS|x86.Build.0 = ReleaseDS|x86
		{BD1E3EDE-2321-46CD-9EFB-EE47973EDFA2}.ReleaseHA|x64.ActiveCfg = ReleaseHA|x64
		{BD1E3EDE-2321-46CD-9EFB-EE47973EDFA2}.ReleaseHA|x64.Build.0 = ReleaseHA|x64
		{BD1E3EDE-2321-46CD-9EFB-EE47973EDFA2}.ReleaseHA|x86.ActiveCfg = ReleaseHA|x86
		{BD1E3EDE-2321-46CD-9EFB-EE47973EDFA2}.ReleaseHA|x86.Build.0 = ReleaseHA|x86
		{BD1E3EDE-2321-46CD-9EFB-EE47973EDFA2}.ReleaseTDS|x64.ActiveCfg = ReleaseTDS|x64
		{BD1E3EDE-2321-46CD-9EFB-EE47973EDFA2}.ReleaseTDS|x64.Build.0 = ReleaseTDS|x64
		{BD1E3EDE-2321-46CD-9EFB-EE47973EDFA2}.ReleaseTDS|x86.ActiveCfg = ReleaseTDS|x86
		{BD1E3EDE-2321-46CD-9EFB-EE47973EDFA2}.ReleaseTDS|x86.Build.0 = ReleaseTDS|x86
	EndGlobalSection
	GlobalSection(SolutionProperties) = preSolution
		HideSolutionNode = FALSE
	EndGlobalSection
	GlobalSection(SubversionScc) = preSolution
		Svn-Managed = True
		Manager = AnkhSVN - Subversion Support for Visual Studio
	EndGlobalSection
EndGlobal
